
Microsoft Visual Studio Solution File, Format Version 12.00
# Visual Studio Version 17
VisualStudioVersion = 17.12.35527.113
MinimumVisualStudioVersion = 10.0.40219.1
Project("{FAE04EC0-301F-11D3-BF4B-00C04F79EFBC}") = "WpfExtensions", "src\WpfExtensions\WpfExtensions.csproj", "{ED8B2EFC-F5B8-426C-84A8-4B280834F6D6}"
EndProject
Project("{FAE04EC0-301F-11D3-BF4B-00C04F79EFBC}") = "WpfExtensions.Tests", "src\WpfExtensions.Tests\WpfExtensions.Tests.csproj", "{FD25161D-0A78-4634-AC29-059EF473AF15}"
EndProject
Project("{2150E333-8FDC-42A3-9474-1A3956D46DE8}") = "samples", "samples", "{3CC6F494-9EA4-46BB-B823-CD8A130E1B49}"
EndProject
Project("{FAE04EC0-301F-11D3-BF4B-00C04F79EFBC}") = "WpfApp1", "samples\WpfApp1\WpfApp1.csproj", "{5823879A-D8DE-4EA4-BF44-E7EB0E05D639}"
EndProject
Project("{FAE04EC0-301F-11D3-BF4B-00C04F79EFBC}") = "WpfViewsAndModels", "samples\WpfViewsAndModels\WpfViewsAndModels.csproj", "{7213C386-D1E9-44A8-88E8-297E6E53ED7C}"
EndProject
Project("{FAE04EC0-301F-11D3-BF4B-00C04F79EFBC}") = "WpfExtensionsGallery", "WpfExtensionsGallery\WpfExtensionsGallery.csproj", "{07502E3B-6424-4E52-9A7A-1C613E55B2ED}"
EndProject
Global
	GlobalSection(SolutionConfigurationPlatforms) = preSolution
		Debug|Any CPU = Debug|Any CPU
		Release|Any CPU = Release|Any CPU
	EndGlobalSection
	GlobalSection(ProjectConfigurationPlatforms) = postSolution
		{ED8B2EFC-F5B8-426C-84A8-4B280834F6D6}.Debug|Any CPU.ActiveCfg = Debug|Any CPU
		{ED8B2EFC-F5B8-426C-84A8-4B280834F6D6}.Debug|Any CPU.Build.0 = Debug|Any CPU
		{ED8B2EFC-F5B8-426C-84A8-4B280834F6D6}.Release|Any CPU.ActiveCfg = Release|Any CPU
		{ED8B2EFC-F5B8-426C-84A8-4B280834F6D6}.Release|Any CPU.Build.0 = Release|Any CPU
		{FD25161D-0A78-4634-AC29-059EF473AF15}.Debug|Any CPU.ActiveCfg = Debug|Any CPU
		{FD25161D-0A78-4634-AC29-059EF473AF15}.Debug|Any CPU.Build.0 = Debug|Any CPU
		{FD25161D-0A78-4634-AC29-059EF473AF15}.Release|Any CPU.ActiveCfg = Release|Any CPU
		{FD25161D-0A78-4634-AC29-059EF473AF15}.Release|Any CPU.Build.0 = Release|Any CPU
		{5823879A-D8DE-4EA4-BF44-E7EB0E05D639}.Debug|Any CPU.ActiveCfg = Debug|Any CPU
		{5823879A-D8DE-4EA4-BF44-E7EB0E05D639}.Debug|Any CPU.Build.0 = Debug|Any CPU
		{5823879A-D8DE-4EA4-BF44-E7EB0E05D639}.Release|Any CPU.ActiveCfg = Release|Any CPU
		{5823879A-D8DE-4EA4-BF44-E7EB0E05D639}.Release|Any CPU.Build.0 = Release|Any CPU
		{7213C386-D1E9-44A8-88E8-297E6E53ED7C}.Debug|Any CPU.ActiveCfg = Debug|Any CPU
		{7213C386-D1E9-44A8-88E8-297E6E53ED7C}.Debug|Any CPU.Build.0 = Debug|Any CPU
		{7213C386-D1E9-44A8-88E8-297E6E53ED7C}.Release|Any CPU.ActiveCfg = Release|Any CPU
		{7213C386-D1E9-44A8-88E8-297E6E53ED7C}.Release|Any CPU.Build.0 = Release|Any CPU
		{07502E3B-6424-4E52-9A7A-1C613E55B2ED}.Debug|Any CPU.ActiveCfg = Debug|Any CPU
		{07502E3B-6424-4E52-9A7A-1C613E55B2ED}.Debug|Any CPU.Build.0 = Debug|Any CPU
		{07502E3B-6424-4E52-9A7A-1C613E55B2ED}.Release|Any CPU.ActiveCfg = Release|Any CPU
		{07502E3B-6424-4E52-9A7A-1C613E55B2ED}.Release|Any CPU.Build.0 = Release|Any CPU
	EndGlobalSection
	GlobalSection(SolutionProperties) = preSolution
		HideSolutionNode = FALSE
	EndGlobalSection
	GlobalSection(NestedProjects) = preSolution
		{5823879A-D8DE-4EA4-BF44-E7EB0E05D639} = {3CC6F494-9EA4-46BB-B823-CD8A130E1B49}
		{7213C386-D1E9-44A8-88E8-297E6E53ED7C} = {3CC6F494-9EA4-46BB-B823-CD8A130E1B49}
		{07502E3B-6424-4E52-9A7A-1C613E55B2ED} = {3CC6F494-9EA4-46BB-B823-CD8A130E1B49}
	EndGlobalSection
EndGlobal
